
Microsoft Visual Studio Solution File, Format Version 12.00
# Visual Studio Version 17
VisualStudioVersion = 17.9.34616.47
MinimumVisualStudioVersion = 10.0.40219.1
Project("{FAE04EC0-301F-11D3-BF4B-00C04F79EFBC}") = "EFLessonUnitTesting", "EFLessonUnitTesting.csproj", "{D160AAA5-6258-4C0A-9A93-674382C65BD2}"
EndProject
Global
	GlobalSection(SolutionConfigurationPlatforms) = preSolution
		Debug|Any CPU = Debug|Any CPU
		Release|Any CPU = Release|Any CPU
	EndGlobalSection
	GlobalSection(ProjectConfigurationPlatforms) = postSolution
		{D160AAA5-6258-4C0A-9A93-674382C65BD2}.Debug|Any CPU.ActiveCfg = Debug|Any CPU
		{D160AAA5-6258-4C0A-9A93-674382C65BD2}.Debug|Any CPU.Build.0 = Debug|Any CPU
		{D160AAA5-6258-4C0A-9A93-674382C65BD2}.Release|Any CPU.ActiveCfg = Release|Any CPU
		{D160AAA5-6258-4C0A-9A93-674382C65BD2}.Release|Any CPU.Build.0 = Release|Any CPU
	EndGlobalSection
	GlobalSection(SolutionProperties) = preSolution
		HideSolutionNode = FALSE
	EndGlobalSection
	GlobalSection(ExtensibilityGlobals) = postSolution
		SolutionGuid = {43ECB7EA-28CC-4C7E-8875-1946FF6A684D}
	EndGlobalSection
EndGlobal
